// !$*UTF8*$!
{
	archiveVersion = 1;
	classes = {
	};
	objectVersion = 50;
	objects = {

/* Begin PBXBuildFile section */
		DE980FA725F2C13200F9DA41 /* AppDelegate.swift in Sources */ = {isa = PBXBuildFile; fileRef = DE980FA625F2C13200F9DA41 /* AppDelegate.swift */; };
		DE980FA925F2C13200F9DA41 /* SceneDelegate.swift in Sources */ = {isa = PBXBuildFile; fileRef = DE980FA825F2C13200F9DA41 /* SceneDelegate.swift */; };
		DE980FAB25F2C13200F9DA41 /* ViewController.swift in Sources */ = {isa = PBXBuildFile; fileRef = DE980FAA25F2C13200F9DA41 /* ViewController.swift */; };
		DE980FAE25F2C13200F9DA41 /* Main.storyboard in Resources */ = {isa = PBXBuildFile; fileRef = DE980FAC25F2C13200F9DA41 /* Main.storyboard */; };
		DE980FB025F2C13300F9DA41 /* Assets.xcassets in Resources */ = {isa = PBXBuildFile; fileRef = DE980FAF25F2C13300F9DA41 /* Assets.xcassets */; };
		DE980FB325F2C13300F9DA41 /* LaunchScreen.storyboard in Resources */ = {isa = PBXBuildFile; fileRef = DE980FB125F2C13300F9DA41 /* LaunchScreen.storyboard */; };
/* End PBXBuildFile section */

/* Begin PBXCopyFilesBuildPhase section */
		DE980FBF25F2C19F00F9DA41 /* Embed Frameworks */ = {
			isa = PBXCopyFilesBuildPhase;
			buildActionMask = 2147483647;
			dstPath = "";
			dstSubfolderSpec = 10;
			files = (
			);
			name = "Embed Frameworks";
			runOnlyForDeploymentPostprocessing = 0;
		};
/* End PBXCopyFilesBuildPhase section */

/* Begin PBXFileReference section */
		DE980FA325F2C13200F9DA41 /* WizekodCoreTesting.app */ = {isa = PBXFileReference; explicitFileType = wrapper.application; includeInIndex = 0; path = WizekodCoreTesting.app; sourceTree = BUILT_PRODUCTS_DIR; };
		DE980FA625F2C13200F9DA41 /* AppDelegate.swift */ = {isa = PBXFileReference; lastKnownFileType = sourcecode.swift; path = AppDelegate.swift; sourceTree = "<group>"; };
		DE980FA825F2C13200F9DA41 /* SceneDelegate.swift */ = {isa = PBXFileReference; lastKnownFileType = sourcecode.swift; path = SceneDelegate.swift; sourceTree = "<group>"; };
		DE980FAA25F2C13200F9DA41 /* ViewController.swift */ = {isa = PBXFileReference; lastKnownFileType = sourcecode.swift; path = ViewController.swift; sourceTree = "<group>"; };
		DE980FAD25F2C13200F9DA41 /* Base */ = {isa = PBXFileReference; lastKnownFileType = file.storyboard; name = Base; path = Base.lproj/Main.storyboard; sourceTree = "<group>"; };
		DE980FAF25F2C13300F9DA41 /* Assets.xcassets */ = {isa = PBXFileReference; lastKnownFileType = folder.assetcatalog; path = Assets.xcassets; sourceTree = "<group>"; };
		DE980FB225F2C13300F9DA41 /* Base */ = {isa = PBXFileReference; lastKnownFileType = file.storyboard; name = Base; path = Base.lproj/LaunchScreen.storyboard; sourceTree = "<group>"; };
		DE980FB425F2C13300F9DA41 /* Info.plist */ = {isa = PBXFileReference; lastKnownFileType = text.plist.xml; path = Info.plist; sourceTree = "<group>"; };
/* End PBXFileReference section */

/* Begin PBXFrameworksBuildPhase section */
		DE980FA025F2C13200F9DA41 /* Frameworks */ = {
			isa = PBXFrameworksBuildPhase;
			buildActionMask = 2147483647;
			files = (
			);
			runOnlyForDeploymentPostprocessing = 0;
		};
/* End PBXFrameworksBuildPhase section */

/* Begin PBXGroup section */
		DE980F9A25F2C13200F9DA41 = {
			isa = PBXGroup;
			children = (
				DE980FA525F2C13200F9DA41 /* WizekodCoreTesting */,
				DE980FA425F2C13200F9DA41 /* Products */,
			);
			sourceTree = "<group>";
		};
		DE980FA425F2C13200F9DA41 /* Products */ = {
			isa = PBXGroup;
			children = (
				DE980FA325F2C13200F9DA41 /* WizekodCoreTesting.app */,
			);
			name = Products;
			sourceTree = "<group>";
		};
		DE980FA525F2C13200F9DA41 /* WizekodCoreTesting */ = {
			isa = PBXGroup;
			children = (
				DE980FA625F2C13200F9DA41 /* AppDelegate.swift */,
				DE980FA825F2C13200F9DA41 /* SceneDelegate.swift */,
				DE980FAA25F2C13200F9DA41 /* ViewController.swift */,
				DE980FAC25F2C13200F9DA41 /* Main.storyboard */,
				DE980FAF25F2C13300F9DA41 /* Assets.xcassets */,
				DE980FB125F2C13300F9DA41 /* LaunchScreen.storyboard */,
				DE980FB425F2C13300F9DA41 /* Info.plist */,
			);
			path = WizekodCoreTesting;
			sourceTree = "<group>";
		};
/* End PBXGroup section */

/* Begin PBXNativeTarget section */
		DE980FA225F2C13200F9DA41 /* WizekodCoreTesting */ = {
			isa = PBXNativeTarget;
			buildConfigurationList = DE980FB725F2C13300F9DA41 /* Build configuration list for PBXNativeTarget "WizekodCoreTesting" */;
			buildPhases = (
				DE980F9F25F2C13200F9DA41 /* Sources */,
				DE980FA025F2C13200F9DA41 /* Frameworks */,
				DE980FA125F2C13200F9DA41 /* Resources */,
				DE980FBF25F2C19F00F9DA41 /* Embed Frameworks */,
			);
			buildRules = (
			);
			dependencies = (
			);
			name = WizekodCoreTesting;
			packageProductDependencies = (
			);
			productName = WizekodCoreTesting;
			productReference = DE980FA325F2C13200F9DA41 /* WizekodCoreTesting.app */;
			productType = "com.apple.product-type.application";
		};
/* End PBXNativeTarget section */

/* Begin PBXProject section */
		DE980F9B25F2C13200F9DA41 /* Project object */ = {
			isa = PBXProject;
			attributes = {
				LastSwiftUpdateCheck = 1240;
				LastUpgradeCheck = 1240;
				TargetAttributes = {
					DE980FA225F2C13200F9DA41 = {
						CreatedOnToolsVersion = 12.4;
					};
				};
			};
			buildConfigurationList = DE980F9E25F2C13200F9DA41 /* Build configuration list for PBXProject "WizekodCoreTesting" */;
			compatibilityVersion = "Xcode 9.3";
			developmentRegion = en;
			hasScannedForEncodings = 0;
			knownRegions = (
				en,
				Base,
			);
			mainGroup = DE980F9A25F2C13200F9DA41;
			packageReferences = (
			);
			productRefGroup = DE980FA425F2C13200F9DA41 /* Products */;
			projectDirPath = "";
			projectRoot = "";
			targets = (
				DE980FA225F2C13200F9DA41 /* WizekodCoreTesting */,
			);
		};
/* End PBXProject section */

/* Begin PBXResourcesBuildPhase section */
		DE980FA125F2C13200F9DA41 /* Resources */ = {
			isa = PBXResourcesBuildPhase;
			buildActionMask = 2147483647;
			files = (
				DE980FB325F2C13300F9DA41 /* LaunchScreen.storyboard in Resources */,
				DE980FB025F2C13300F9DA41 /* Assets.xcassets in Resources */,
				DE980FAE25F2C13200F9DA41 /* Main.storyboard in Resources */,
			);
			runOnlyForDeploymentPostprocessing = 0;
		};
/* End PBXResourcesBuildPhase section */

/* Begin PBXSourcesBuildPhase section */
		DE980F9F25F2C13200F9DA41 /* Sources */ = {
			isa = PBXSourcesBuildPhase;
			buildActionMask = 2147483647;
			files = (
				DE980FAB25F2C13200F9DA41 /* ViewController.swift in Sources */,
				DE980FA725F2C13200F9DA41 /* AppDelegate.swift in Sources */,
				DE980FA925F2C13200F9DA41 /* SceneDelegate.swift in Sources */,
			);
			runOnlyForDeploymentPostprocessing = 0;
		};
/* End PBXSourcesBuildPhase section */

/* Begin PBXVariantGroup section */
		DE980FAC25F2C13200F9DA41 /* Main.storyboard */ = {
			isa = PBXVariantGroup;
			children = (
				DE980FAD25F2C13200F9DA41 /* Base */,
			);
			name = Main.storyboard;
			sourceTree = "<group>";
		};
		DE980FB125F2C13300F9DA41 /* LaunchScreen.storyboard */ = {
			isa = PBXVariantGroup;
			children = (
				DE980FB225F2C13300F9DA41 /* Base */,
			);
			name = LaunchScreen.storyboard;
			sourceTree = "<group>";
		};
/* End PBXVariantGroup section */

/* Begin XCBuildConfiguration section */
		DE980FB525F2C13300F9DA41 /* Debug */ = {
			isa = XCBuildConfiguration;
			buildSettings = {
				ALWAYS_SEARCH_USER_PATHS = NO;
				CLANG_ANALYZER_NONNULL = YES;
				CLANG_ANALYZER_NUMBER_OBJECT_CONVERSION = YES_AGGRESSIVE;
				CLANG_CXX_LANGUAGE_STANDARD = "gnu++14";
				CLANG_CXX_LIBRARY = "libc++";
				CLANG_ENABLE_MODULES = YES;
				CLANG_ENABLE_OBJC_ARC = YES;
				CLANG_ENABLE_OBJC_WEAK = YES;
				CLANG_WARN_BLOCK_CAPTURE_AUTORELEASING = YES;
				CLANG_WARN_BOOL_CONVERSION = YES;
				CLANG_WARN_COMMA = YES;
				CLANG_WARN_CONSTANT_CONVERSION = YES;
				CLANG_WARN_DEPRECATED_OBJC_IMPLEMENTATIONS = YES;
				CLANG_WARN_DIRECT_OBJC_ISA_USAGE = YES_ERROR;
				CLANG_WARN_DOCUMENTATION_COMMENTS = YES;
				CLANG_WARN_EMPTY_BODY = YES;
				CLANG_WARN_ENUM_CONVERSION = YES;
				CLANG_WARN_INFINITE_RECURSION = YES;
				CLANG_WARN_INT_CONVERSION = YES;
				CLANG_WARN_NON_LITERAL_NULL_CONVERSION = YES;
				CLANG_WARN_OBJC_IMPLICIT_RETAIN_SELF = YES;
				CLANG_WARN_OBJC_LITERAL_CONVERSION = YES;
				CLANG_WARN_OBJC_ROOT_CLASS = YES_ERROR;
				CLANG_WARN_QUOTED_INCLUDE_IN_FRAMEWORK_HEADER = YES;
				CLANG_WARN_RANGE_LOOP_ANALYSIS = YES;
				CLANG_WARN_STRICT_PROTOTYPES = YES;
				CLANG_WARN_SUSPICIOUS_MOVE = YES;
				CLANG_WARN_UNGUARDED_AVAILABILITY = YES_AGGRESSIVE;
				CLANG_WARN_UNREACHABLE_CODE = YES;
				CLANG_WARN__DUPLICATE_METHOD_MATCH = YES;
				COPY_PHASE_STRIP = NO;
				DEBUG_INFORMATION_FORMAT = dwarf;
				ENABLE_STRICT_OBJC_MSGSEND = YES;
				ENABLE_TESTABILITY = YES;
				GCC_C_LANGUAGE_STANDARD = gnu11;
				GCC_DYNAMIC_NO_PIC = NO;
				GCC_NO_COMMON_BLOCKS = YES;
				GCC_OPTIMIZATION_LEVEL = 0;
				GCC_PREPROCESSOR_DEFINITIONS = (
					"DEBUG=1",
					"$(inherited)",
				);
				GCC_WARN_64_TO_32_BIT_CONVERSION = YES;
				GCC_WARN_ABOUT_RETURN_TYPE = YES_ERROR;
				GCC_WARN_UNDECLARED_SELECTOR = YES;
				GCC_WARN_UNINITIALIZED_AUTOS = YES_AGGRESSIVE;
				GCC_WARN_UNUSED_FUNCTION = YES;
				GCC_WARN_UNUSED_VARIABLE = YES;
				IPHONEOS_DEPLOYMENT_TARGET = 14.4;
				MTL_ENABLE_DEBUG_INFO = INCLUDE_SOURCE;
				MTL_FAST_MATH = YES;
				ONLY_ACTIVE_ARCH = YES;
				SDKROOT = iphoneos;
				SWIFT_ACTIVE_COMPILATION_CONDITIONS = DEBUG;
				SWIFT_OPTIMIZATION_LEVEL = "-Onone";
			};
			name = Debug;
		};
		DE980FB625F2C13300F9DA41 /* Release */ = {
			isa = XCBuildConfiguration;
			buildSettings = {
				ALWAYS_SEARCH_USER_PATHS = NO;
				CLANG_ANALYZER_NONNULL = YES;
				CLANG_ANALYZER_NUMBER_OBJECT_CONVERSION = YES_AGGRESSIVE;
				CLANG_CXX_LANGUAGE_STANDARD = "gnu++14";
				CLANG_CXX_LIBRARY = "libc++";
				CLANG_ENABLE_MODULES = YES;
				CLANG_ENABLE_OBJC_ARC = YES;
				CLANG_ENABLE_OBJC_WEAK = YES;
				CLANG_WARN_BLOCK_CAPTURE_AUTORELEASING = YES;
				CLANG_WARN_BOOL_CONVERSION = YES;
				CLANG_WARN_COMMA = YES;
				CLANG_WARN_CONSTANT_CONVERSION = YES;
				CLANG_WARN_DEPRECATED_OBJC_IMPLEMENTATIONS = YES;
				CLANG_WARN_DIRECT_OBJC_ISA_USAGE = YES_ERROR;
				CLANG_WARN_DOCUMENTATION_COMMENTS = YES;
				CLANG_WARN_EMPTY_BODY = YES;
				CLANG_WARN_ENUM_CONVERSION = YES;
				CLANG_WARN_INFINITE_RECURSION = YES;
				CLANG_WARN_INT_CONVERSION = YES;
				CLANG_WARN_NON_LITERAL_NULL_CONVERSION = YES;
				CLANG_WARN_OBJC_IMPLICIT_RETAIN_SELF = YES;
				CLANG_WARN_OBJC_LITERAL_CONVERSION = YES;
				CLANG_WARN_OBJC_ROOT_CLASS = YES_ERROR;
				CLANG_WARN_QUOTED_INCLUDE_IN_FRAMEWORK_HEADER = YES;
				CLANG_WARN_RANGE_LOOP_ANALYSIS = YES;
				CLANG_WARN_STRICT_PROTOTYPES = YES;
				CLANG_WARN_SUSPICIOUS_MOVE = YES;
				CLANG_WARN_UNGUARDED_AVAILABILITY = YES_AGGRESSIVE;
				CLANG_WARN_UNREACHABLE_CODE = YES;
				CLANG_WARN__DUPLICATE_METHOD_MATCH = YES;
				COPY_PHASE_STRIP = NO;
				DEBUG_INFORMATION_FORMAT = "dwarf-with-dsym";
				ENABLE_NS_ASSERTIONS = NO;
				ENABLE_STRICT_OBJC_MSGSEND = YES;
				GCC_C_LANGUAGE_STANDARD = gnu11;
				GCC_NO_COMMON_BLOCKS = YES;
				GCC_WARN_64_TO_32_BIT_CONVERSION = YES;
				GCC_WARN_ABOUT_RETURN_TYPE = YES_ERROR;
				GCC_WARN_UNDECLARED_SELECTOR = YES;
				GCC_WARN_UNINITIALIZED_AUTOS = YES_AGGRESSIVE;
				GCC_WARN_UNUSED_FUNCTION = YES;
				GCC_WARN_UNUSED_VARIABLE = YES;
				IPHONEOS_DEPLOYMENT_TARGET = 14.4;
				MTL_ENABLE_DEBUG_INFO = NO;
				MTL_FAST_MATH = YES;
				SDKROOT = iphoneos;
				SWIFT_COMPILATION_MODE = wholemodule;
				SWIFT_OPTIMIZATION_LEVEL = "-O";
				VALIDATE_PRODUCT = YES;
			};
			name = Release;
		};
		DE980FB825F2C13300F9DA41 /* Debug */ = {
			isa = XCBuildConfiguration;
			buildSettings = {
				ASSETCATALOG_COMPILER_APPICON_NAME = AppIcon;
				ASSETCATALOG_COMPILER_GLOBAL_ACCENT_COLOR_NAME = AccentColor;
				CODE_SIGN_STYLE = Automatic;
				DEVELOPMENT_TEAM = KCG8DP47FH;
				INFOPLIST_FILE = WizekodCoreTesting/Info.plist;
				LD_RUNPATH_SEARCH_PATHS = (
					"$(inherited)",
					"@executable_path/Frameworks",
				);
				PRODUCT_BUNDLE_IDENTIFIER = com.wizeline.WizekodCoreTesting;
				PRODUCT_NAME = "$(TARGET_NAME)";
				SWIFT_VERSION = 5.0;
				TARGETED_DEVICE_FAMILY = "1,2";
			};
			name = Debug;
		};
		DE980FB925F2C13300F9DA41 /* Release */ = {
			isa = XCBuildConfiguration;
			buildSettings = {
				ASSETCATALOG_COMPILER_APPICON_NAME = AppIcon;
				ASSETCATALOG_COMPILER_GLOBAL_ACCENT_COLOR_NAME = AccentColor;
				CODE_SIGN_STYLE = Automatic;
				DEVELOPMENT_TEAM = KCG8DP47FH;
				INFOPLIST_FILE = WizekodCoreTesting/Info.plist;
				LD_RUNPATH_SEARCH_PATHS = (
					"$(inherited)",
					"@executable_path/Frameworks",
				);
				PRODUCT_BUNDLE_IDENTIFIER = com.wizeline.WizekodCoreTesting;
				PRODUCT_NAME = "$(TARGET_NAME)";
				SWIFT_VERSION = 5.0;
				TARGETED_DEVICE_FAMILY = "1,2";
			};
			name = Release;
		};
/* End XCBuildConfiguration section */

/* Begin XCConfigurationList section */
		DE980F9E25F2C13200F9DA41 /* Build configuration list for PBXProject "WizekodCoreTesting" */ = {
			isa = XCConfigurationList;
			buildConfigurations = (
				DE980FB525F2C13300F9DA41 /* Debug */,
				DE980FB625F2C13300F9DA41 /* Release */,
			);
			defaultConfigurationIsVisible = 0;
			defaultConfigurationName = Release;
		};
		DE980FB725F2C13300F9DA41 /* Build configuration list for PBXNativeTarget "WizekodCoreTesting" */ = {
			isa = XCConfigurationList;
			buildConfigurations = (
				DE980FB825F2C13300F9DA41 /* Debug */,
				DE980FB925F2C13300F9DA41 /* Release */,
			);
			defaultConfigurationIsVisible = 0;
			defaultConfigurationName = Release;
		};
/* End XCConfigurationList section */
	};
	rootObject = DE980F9B25F2C13200F9DA41 /* Project object */;
}
